
Microsoft Visual Studio Solution File, Format Version 12.00
# Visual Studio Version 17
VisualStudioVersion = 17.4.33205.214
MinimumVisualStudioVersion = 10.0.40219.1
Project("{FAE04EC0-301F-11D3-BF4B-00C04F79EFBC}") = "DulPager", "DulPager\DulPager.csproj", "{43D7EDE2-9D64-4D07-8463-EC3B4A54E870}"
EndProject
Global
	GlobalSection(SolutionConfigurationPlatforms) = preSolution
		Debug|Any CPU = Debug|Any CPU
		Release|Any CPU = Release|Any CPU
	EndGlobalSection
	GlobalSection(ProjectConfigurationPlatforms) = postSolution
		{43D7EDE2-9D64-4D07-8463-EC3B4A54E870}.Debug|Any CPU.ActiveCfg = Debug|Any CPU
		{43D7EDE2-9D64-4D07-8463-EC3B4A54E870}.Debug|Any CPU.Build.0 = Debug|Any CPU
		{43D7EDE2-9D64-4D07-8463-EC3B4A54E870}.Release|Any CPU.ActiveCfg = Release|Any CPU
		{43D7EDE2-9D64-4D07-8463-EC3B4A54E870}.Release|Any CPU.Build.0 = Release|Any CPU
	EndGlobalSection
	GlobalSection(SolutionProperties) = preSolution
		HideSolutionNode = FALSE
	EndGlobalSection
	GlobalSection(ExtensibilityGlobals) = postSolution
		SolutionGuid = {9B217E66-B6E1-4CAA-BADC-28631076D946}
	EndGlobalSection
EndGlobal
